// !$*UTF8*$!
{
	archiveVersion = 1;
	classes = {
	};
	objectVersion = 56;
	objects = {

/* Begin PBXBuildFile section */
		1A2D20A42C107DD000F4D6E6 /* WBMessengerApp.swift in Sources */ = {isa = PBXBuildFile; fileRef = 1A2D20A32C107DD000F4D6E6 /* WBMessengerApp.swift */; };
		1A2D20A62C107DD000F4D6E6 /* ContentView.swift in Sources */ = {isa = PBXBuildFile; fileRef = 1A2D20A52C107DD000F4D6E6 /* ContentView.swift */; };
		1A2D20A82C107DD100F4D6E6 /* Assets.xcassets in Resources */ = {isa = PBXBuildFile; fileRef = 1A2D20A72C107DD100F4D6E6 /* Assets.xcassets */; };
		1A2D20AB2C107DD100F4D6E6 /* Preview Assets.xcassets in Resources */ = {isa = PBXBuildFile; fileRef = 1A2D20AA2C107DD100F4D6E6 /* Preview Assets.xcassets */; };
		1A2D20B22C107E6B00F4D6E6 /* WalkthroughView.swift in Sources */ = {isa = PBXBuildFile; fileRef = 1A2D20B12C107E6B00F4D6E6 /* WalkthroughView.swift */; };
		1A2D20B42C107FD400F4D6E6 /* ButtonView.swift in Sources */ = {isa = PBXBuildFile; fileRef = 1A2D20B32C107FD400F4D6E6 /* ButtonView.swift */; };
		1A2D20B62C108BF300F4D6E6 /* ModalView.swift in Sources */ = {isa = PBXBuildFile; fileRef = 1A2D20B52C108BF300F4D6E6 /* ModalView.swift */; };
		1A2D20BA2C1F190B00F4D6E6 /* ContactsView.swift in Sources */ = {isa = PBXBuildFile; fileRef = 1A2D20B92C1F190B00F4D6E6 /* ContactsView.swift */; };
		1A2D20BC2C1F191A00F4D6E6 /* Router.swift in Sources */ = {isa = PBXBuildFile; fileRef = 1A2D20BB2C1F191A00F4D6E6 /* Router.swift */; };
		1A2D20BE2C1F193E00F4D6E6 /* Contact.swift in Sources */ = {isa = PBXBuildFile; fileRef = 1A2D20BD2C1F193E00F4D6E6 /* Contact.swift */; };
		1A2D20C02C1F195900F4D6E6 /* Contacts.swift in Sources */ = {isa = PBXBuildFile; fileRef = 1A2D20BF2C1F195900F4D6E6 /* Contacts.swift */; };
		1A2D20C32C1F198C00F4D6E6 /* ContactDetailsView.swift in Sources */ = {isa = PBXBuildFile; fileRef = 1A2D20C22C1F198C00F4D6E6 /* ContactDetailsView.swift */; };
		1A2D20C92C1F1DDC00F4D6E6 /* ContentTabView.swift in Sources */ = {isa = PBXBuildFile; fileRef = 1A2D20C82C1F1DDC00F4D6E6 /* ContentTabView.swift */; };
		1A5CBF6A2C3E83470073BA02 /* Localizable.xcstrings in Resources */ = {isa = PBXBuildFile; fileRef = 1A5CBF692C3E83470073BA02 /* Localizable.xcstrings */; };
		1A5CBF6D2C3E8D520073BA02 /* Font +.swift in Sources */ = {isa = PBXBuildFile; fileRef = 1A5CBF6C2C3E8D520073BA02 /* Font +.swift */; };
		1A5CBF712C3EADBB0073BA02 /* InputPhoneNumberView.swift in Sources */ = {isa = PBXBuildFile; fileRef = 1A5CBF702C3EADBB0073BA02 /* InputPhoneNumberView.swift */; };
		1A5CBF732C3EAF4E0073BA02 /* CountryCode.swift in Sources */ = {isa = PBXBuildFile; fileRef = 1A5CBF722C3EAF4E0073BA02 /* CountryCode.swift */; };
		1ABA28732C1F3C1F00A912F2 /* ChatsView.swift in Sources */ = {isa = PBXBuildFile; fileRef = 1ABA28722C1F3C1F00A912F2 /* ChatsView.swift */; };
		1ABA28752C1F3C3A00A912F2 /* SettingsView.swift in Sources */ = {isa = PBXBuildFile; fileRef = 1ABA28742C1F3C3A00A912F2 /* SettingsView.swift */; };
		1ADBEE732C21AAB4009F7A81 /* Date +.swift in Sources */ = {isa = PBXBuildFile; fileRef = 1ADBEE722C21AAB4009F7A81 /* Date +.swift */; };
		1ADBEE762C21BAFD009F7A81 /* ContactRowView.swift in Sources */ = {isa = PBXBuildFile; fileRef = 1ADBEE752C21BAFD009F7A81 /* ContactRowView.swift */; };
		1ADBEE7A2C2202D6009F7A81 /* SearchBarView.swift in Sources */ = {isa = PBXBuildFile; fileRef = 1ADBEE792C2202D6009F7A81 /* SearchBarView.swift */; };
		1ADBEE7C2C220CF8009F7A81 /* View +.swift in Sources */ = {isa = PBXBuildFile; fileRef = 1ADBEE7B2C220CF8009F7A81 /* View +.swift */; };
/* End PBXBuildFile section */

/* Begin PBXFileReference section */
		1A2D20A02C107DD000F4D6E6 /* WBMessenger.app */ = {isa = PBXFileReference; explicitFileType = wrapper.application; includeInIndex = 0; path = WBMessenger.app; sourceTree = BUILT_PRODUCTS_DIR; };
		1A2D20A32C107DD000F4D6E6 /* WBMessengerApp.swift */ = {isa = PBXFileReference; lastKnownFileType = sourcecode.swift; path = WBMessengerApp.swift; sourceTree = "<group>"; };
		1A2D20A52C107DD000F4D6E6 /* ContentView.swift */ = {isa = PBXFileReference; lastKnownFileType = sourcecode.swift; path = ContentView.swift; sourceTree = "<group>"; };
		1A2D20A72C107DD100F4D6E6 /* Assets.xcassets */ = {isa = PBXFileReference; lastKnownFileType = folder.assetcatalog; path = Assets.xcassets; sourceTree = "<group>"; };
		1A2D20AA2C107DD100F4D6E6 /* Preview Assets.xcassets */ = {isa = PBXFileReference; lastKnownFileType = folder.assetcatalog; path = "Preview Assets.xcassets"; sourceTree = "<group>"; };
		1A2D20B12C107E6B00F4D6E6 /* WalkthroughView.swift */ = {isa = PBXFileReference; lastKnownFileType = sourcecode.swift; path = WalkthroughView.swift; sourceTree = "<group>"; };
		1A2D20B32C107FD400F4D6E6 /* ButtonView.swift */ = {isa = PBXFileReference; lastKnownFileType = sourcecode.swift; path = ButtonView.swift; sourceTree = "<group>"; };
		1A2D20B52C108BF300F4D6E6 /* ModalView.swift */ = {isa = PBXFileReference; lastKnownFileType = sourcecode.swift; path = ModalView.swift; sourceTree = "<group>"; };
		1A2D20B92C1F190B00F4D6E6 /* ContactsView.swift */ = {isa = PBXFileReference; lastKnownFileType = sourcecode.swift; path = ContactsView.swift; sourceTree = "<group>"; };
		1A2D20BB2C1F191A00F4D6E6 /* Router.swift */ = {isa = PBXFileReference; lastKnownFileType = sourcecode.swift; path = Router.swift; sourceTree = "<group>"; };
		1A2D20BD2C1F193E00F4D6E6 /* Contact.swift */ = {isa = PBXFileReference; lastKnownFileType = sourcecode.swift; path = Contact.swift; sourceTree = "<group>"; };
		1A2D20BF2C1F195900F4D6E6 /* Contacts.swift */ = {isa = PBXFileReference; lastKnownFileType = sourcecode.swift; path = Contacts.swift; sourceTree = "<group>"; };
		1A2D20C22C1F198C00F4D6E6 /* ContactDetailsView.swift */ = {isa = PBXFileReference; lastKnownFileType = sourcecode.swift; path = ContactDetailsView.swift; sourceTree = "<group>"; };
		1A2D20C82C1F1DDC00F4D6E6 /* ContentTabView.swift */ = {isa = PBXFileReference; lastKnownFileType = sourcecode.swift; path = ContentTabView.swift; sourceTree = "<group>"; };
		1A5CBF692C3E83470073BA02 /* Localizable.xcstrings */ = {isa = PBXFileReference; lastKnownFileType = text.json.xcstrings; path = Localizable.xcstrings; sourceTree = "<group>"; };
		1A5CBF6C2C3E8D520073BA02 /* Font +.swift */ = {isa = PBXFileReference; lastKnownFileType = sourcecode.swift; path = "Font +.swift"; sourceTree = "<group>"; };
		1A5CBF702C3EADBB0073BA02 /* InputPhoneNumberView.swift */ = {isa = PBXFileReference; lastKnownFileType = sourcecode.swift; path = InputPhoneNumberView.swift; sourceTree = "<group>"; };
		1A5CBF722C3EAF4E0073BA02 /* CountryCode.swift */ = {isa = PBXFileReference; lastKnownFileType = sourcecode.swift; path = CountryCode.swift; sourceTree = "<group>"; };
		1ABA28722C1F3C1F00A912F2 /* ChatsView.swift */ = {isa = PBXFileReference; lastKnownFileType = sourcecode.swift; path = ChatsView.swift; sourceTree = "<group>"; };
		1ABA28742C1F3C3A00A912F2 /* SettingsView.swift */ = {isa = PBXFileReference; lastKnownFileType = sourcecode.swift; path = SettingsView.swift; sourceTree = "<group>"; };
		1ADBEE722C21AAB4009F7A81 /* Date +.swift */ = {isa = PBXFileReference; lastKnownFileType = sourcecode.swift; path = "Date +.swift"; sourceTree = "<group>"; };
		1ADBEE752C21BAFD009F7A81 /* ContactRowView.swift */ = {isa = PBXFileReference; lastKnownFileType = sourcecode.swift; path = ContactRowView.swift; sourceTree = "<group>"; };
		1ADBEE792C2202D6009F7A81 /* SearchBarView.swift */ = {isa = PBXFileReference; lastKnownFileType = sourcecode.swift; path = SearchBarView.swift; sourceTree = "<group>"; };
		1ADBEE7B2C220CF8009F7A81 /* View +.swift */ = {isa = PBXFileReference; lastKnownFileType = sourcecode.swift; path = "View +.swift"; sourceTree = "<group>"; };
/* End PBXFileReference section */

/* Begin PBXFrameworksBuildPhase section */
		1A2D209D2C107DD000F4D6E6 /* Frameworks */ = {
			isa = PBXFrameworksBuildPhase;
			buildActionMask = 2147483647;
			files = (
			);
			runOnlyForDeploymentPostprocessing = 0;
		};
/* End PBXFrameworksBuildPhase section */

/* Begin PBXGroup section */
		1A2D20972C107DD000F4D6E6 = {
			isa = PBXGroup;
			children = (
				1A2D20A22C107DD000F4D6E6 /* WBMessenger */,
				1A2D20A12C107DD000F4D6E6 /* Products */,
			);
			sourceTree = "<group>";
		};
		1A2D20A12C107DD000F4D6E6 /* Products */ = {
			isa = PBXGroup;
			children = (
				1A2D20A02C107DD000F4D6E6 /* WBMessenger.app */,
			);
			name = Products;
			sourceTree = "<group>";
		};
		1A2D20A22C107DD000F4D6E6 /* WBMessenger */ = {
			isa = PBXGroup;
			children = (
				1A2D20A32C107DD000F4D6E6 /* WBMessengerApp.swift */,
				1ADBEE742C21AB09009F7A81 /* Extensions */,
				1A2D20C12C1F196100F4D6E6 /* Views */,
				1A2D20C52C1F19B600F4D6E6 /* Models */,
				1A2D20C72C1F19C400F4D6E6 /* DataStorage */,
				1A2D20C42C1F19AA00F4D6E6 /* Services */,
				1A2D20A72C107DD100F4D6E6 /* Assets.xcassets */,
				1A2D20A92C107DD100F4D6E6 /* Preview Content */,
				1A5CBF692C3E83470073BA02 /* Localizable.xcstrings */,
			);
			path = WBMessenger;
			sourceTree = "<group>";
		};
		1A2D20A92C107DD100F4D6E6 /* Preview Content */ = {
			isa = PBXGroup;
			children = (
				1A2D20AA2C107DD100F4D6E6 /* Preview Assets.xcassets */,
			);
			path = "Preview Content";
			sourceTree = "<group>";
		};
		1A2D20C12C1F196100F4D6E6 /* Views */ = {
			isa = PBXGroup;
			children = (
				1A2D20A52C107DD000F4D6E6 /* ContentView.swift */,
				1A5CBF6F2C3EAD7E0073BA02 /* Authorization */,
				1ADBEE812C231ADC009F7A81 /* Contacts */,
				1ADBEE822C231B49009F7A81 /* CustomViews */,
				1A5CBF6E2C3EAB170073BA02 /* Onboarding */,
				1A5CBF742C40850A0073BA02 /* Chats */,
				1A5CBF752C4085160073BA02 /* Settings */,
			);
			path = Views;
			sourceTree = "<group>";
		};
		1A2D20C42C1F19AA00F4D6E6 /* Services */ = {
			isa = PBXGroup;
			children = (
				1A2D20BB2C1F191A00F4D6E6 /* Router.swift */,
			);
			path = Services;
			sourceTree = "<group>";
		};
		1A2D20C52C1F19B600F4D6E6 /* Models */ = {
			isa = PBXGroup;
			children = (
				1A2D20BD2C1F193E00F4D6E6 /* Contact.swift */,
				1A5CBF722C3EAF4E0073BA02 /* CountryCode.swift */,
			);
			path = Models;
			sourceTree = "<group>";
		};
		1A2D20C72C1F19C400F4D6E6 /* DataStorage */ = {
			isa = PBXGroup;
			children = (
				1A2D20BF2C1F195900F4D6E6 /* Contacts.swift */,
			);
			path = DataStorage;
			sourceTree = "<group>";
		};
		1A5CBF6E2C3EAB170073BA02 /* Onboarding */ = {
			isa = PBXGroup;
			children = (
				1A2D20B52C108BF300F4D6E6 /* ModalView.swift */,
				1A2D20B12C107E6B00F4D6E6 /* WalkthroughView.swift */,
			);
			path = Onboarding;
			sourceTree = "<group>";
		};
		1A5CBF6F2C3EAD7E0073BA02 /* Authorization */ = {
			isa = PBXGroup;
			children = (
				1A5CBF702C3EADBB0073BA02 /* InputPhoneNumberView.swift */,
			);
			path = Authorization;
			sourceTree = "<group>";
		};
		1A5CBF742C40850A0073BA02 /* Chats */ = {
			isa = PBXGroup;
			children = (
				1ABA28722C1F3C1F00A912F2 /* ChatsView.swift */,
			);
			path = Chats;
			sourceTree = "<group>";
		};
		1A5CBF752C4085160073BA02 /* Settings */ = {
			isa = PBXGroup;
			children = (
				1ABA28742C1F3C3A00A912F2 /* SettingsView.swift */,
			);
			path = Settings;
			sourceTree = "<group>";
		};
		1ADBEE742C21AB09009F7A81 /* Extensions */ = {
			isa = PBXGroup;
			children = (
				1ADBEE722C21AAB4009F7A81 /* Date +.swift */,
				1ADBEE7B2C220CF8009F7A81 /* View +.swift */,
				1A5CBF6C2C3E8D520073BA02 /* Font +.swift */,
			);
			path = Extensions;
			sourceTree = "<group>";
		};
		1ADBEE812C231ADC009F7A81 /* Contacts */ = {
			isa = PBXGroup;
			children = (
				1A2D20B92C1F190B00F4D6E6 /* ContactsView.swift */,
				1A2D20C22C1F198C00F4D6E6 /* ContactDetailsView.swift */,
				1ADBEE752C21BAFD009F7A81 /* ContactRowView.swift */,
				1ADBEE792C2202D6009F7A81 /* SearchBarView.swift */,
			);
			path = Contacts;
			sourceTree = "<group>";
		};
		1ADBEE822C231B49009F7A81 /* CustomViews */ = {
			isa = PBXGroup;
			children = (
				1A2D20C82C1F1DDC00F4D6E6 /* ContentTabView.swift */,
				1A2D20B32C107FD400F4D6E6 /* ButtonView.swift */,
			);
			path = CustomViews;
			sourceTree = "<group>";
		};
/* End PBXGroup section */

/* Begin PBXNativeTarget section */
		1A2D209F2C107DD000F4D6E6 /* WBMessenger */ = {
			isa = PBXNativeTarget;
			buildConfigurationList = 1A2D20AE2C107DD100F4D6E6 /* Build configuration list for PBXNativeTarget "WBMessenger" */;
			buildPhases = (
				1A2D209C2C107DD000F4D6E6 /* Sources */,
				1A2D209D2C107DD000F4D6E6 /* Frameworks */,
				1A2D209E2C107DD000F4D6E6 /* Resources */,
			);
			buildRules = (
			);
			dependencies = (
			);
			name = WBMessenger;
			productName = WBMessenger;
			productReference = 1A2D20A02C107DD000F4D6E6 /* WBMessenger.app */;
			productType = "com.apple.product-type.application";
		};
/* End PBXNativeTarget section */

/* Begin PBXProject section */
		1A2D20982C107DD000F4D6E6 /* Project object */ = {
			isa = PBXProject;
			attributes = {
				BuildIndependentTargetsInParallel = 1;
				LastSwiftUpdateCheck = 1530;
				LastUpgradeCheck = 1530;
				TargetAttributes = {
					1A2D209F2C107DD000F4D6E6 = {
						CreatedOnToolsVersion = 15.3;
					};
				};
			};
			buildConfigurationList = 1A2D209B2C107DD000F4D6E6 /* Build configuration list for PBXProject "WBMessenger" */;
			compatibilityVersion = "Xcode 14.0";
			developmentRegion = en;
			hasScannedForEncodings = 0;
			knownRegions = (
				en,
				Base,
				ru,
			);
			mainGroup = 1A2D20972C107DD000F4D6E6;
			productRefGroup = 1A2D20A12C107DD000F4D6E6 /* Products */;
			projectDirPath = "";
			projectRoot = "";
			targets = (
				1A2D209F2C107DD000F4D6E6 /* WBMessenger */,
			);
		};
/* End PBXProject section */

/* Begin PBXResourcesBuildPhase section */
		1A2D209E2C107DD000F4D6E6 /* Resources */ = {
			isa = PBXResourcesBuildPhase;
			buildActionMask = 2147483647;
			files = (
				1A2D20AB2C107DD100F4D6E6 /* Preview Assets.xcassets in Resources */,
				1A2D20A82C107DD100F4D6E6 /* Assets.xcassets in Resources */,
				1A5CBF6A2C3E83470073BA02 /* Localizable.xcstrings in Resources */,
			);
			runOnlyForDeploymentPostprocessing = 0;
		};
/* End PBXResourcesBuildPhase section */

/* Begin PBXSourcesBuildPhase section */
		1A2D209C2C107DD000F4D6E6 /* Sources */ = {
			isa = PBXSourcesBuildPhase;
			buildActionMask = 2147483647;
			files = (
				1ABA28732C1F3C1F00A912F2 /* ChatsView.swift in Sources */,
				1A2D20C32C1F198C00F4D6E6 /* ContactDetailsView.swift in Sources */,
				1A5CBF6D2C3E8D520073BA02 /* Font +.swift in Sources */,
				1A5CBF732C3EAF4E0073BA02 /* CountryCode.swift in Sources */,
				1A2D20A62C107DD000F4D6E6 /* ContentView.swift in Sources */,
				1A2D20A42C107DD000F4D6E6 /* WBMessengerApp.swift in Sources */,
				1A5CBF712C3EADBB0073BA02 /* InputPhoneNumberView.swift in Sources */,
				1ADBEE7A2C2202D6009F7A81 /* SearchBarView.swift in Sources */,
				1ADBEE762C21BAFD009F7A81 /* ContactRowView.swift in Sources */,
				1A2D20C02C1F195900F4D6E6 /* Contacts.swift in Sources */,
				1ADBEE732C21AAB4009F7A81 /* Date +.swift in Sources */,
				1A2D20B42C107FD400F4D6E6 /* ButtonView.swift in Sources */,
				1A2D20BC2C1F191A00F4D6E6 /* Router.swift in Sources */,
				1ADBEE7C2C220CF8009F7A81 /* View +.swift in Sources */,
				1A2D20BE2C1F193E00F4D6E6 /* Contact.swift in Sources */,
				1A2D20BA2C1F190B00F4D6E6 /* ContactsView.swift in Sources */,
				1A2D20C92C1F1DDC00F4D6E6 /* ContentTabView.swift in Sources */,
				1A2D20B22C107E6B00F4D6E6 /* WalkthroughView.swift in Sources */,
				1A2D20B62C108BF300F4D6E6 /* ModalView.swift in Sources */,
				1ABA28752C1F3C3A00A912F2 /* SettingsView.swift in Sources */,
			);
			runOnlyForDeploymentPostprocessing = 0;
		};
/* End PBXSourcesBuildPhase section */

/* Begin XCBuildConfiguration section */
		1A2D20AC2C107DD100F4D6E6 /* Debug */ = {
			isa = XCBuildConfiguration;
			buildSettings = {
				ALWAYS_SEARCH_USER_PATHS = NO;
				ASSETCATALOG_COMPILER_GENERATE_SWIFT_ASSET_SYMBOL_EXTENSIONS = YES;
				CLANG_ANALYZER_NONNULL = YES;
				CLANG_ANALYZER_NUMBER_OBJECT_CONVERSION = YES_AGGRESSIVE;
				CLANG_CXX_LANGUAGE_STANDARD = "gnu++20";
				CLANG_ENABLE_MODULES = YES;
				CLANG_ENABLE_OBJC_ARC = YES;
				CLANG_ENABLE_OBJC_WEAK = YES;
				CLANG_WARN_BLOCK_CAPTURE_AUTORELEASING = YES;
				CLANG_WARN_BOOL_CONVERSION = YES;
				CLANG_WARN_COMMA = YES;
				CLANG_WARN_CONSTANT_CONVERSION = YES;
				CLANG_WARN_DEPRECATED_OBJC_IMPLEMENTATIONS = YES;
				CLANG_WARN_DIRECT_OBJC_ISA_USAGE = YES_ERROR;
				CLANG_WARN_DOCUMENTATION_COMMENTS = YES;
				CLANG_WARN_EMPTY_BODY = YES;
				CLANG_WARN_ENUM_CONVERSION = YES;
				CLANG_WARN_INFINITE_RECURSION = YES;
				CLANG_WARN_INT_CONVERSION = YES;
				CLANG_WARN_NON_LITERAL_NULL_CONVERSION = YES;
				CLANG_WARN_OBJC_IMPLICIT_RETAIN_SELF = YES;
				CLANG_WARN_OBJC_LITERAL_CONVERSION = YES;
				CLANG_WARN_OBJC_ROOT_CLASS = YES_ERROR;
				CLANG_WARN_QUOTED_INCLUDE_IN_FRAMEWORK_HEADER = YES;
				CLANG_WARN_RANGE_LOOP_ANALYSIS = YES;
				CLANG_WARN_STRICT_PROTOTYPES = YES;
				CLANG_WARN_SUSPICIOUS_MOVE = YES;
				CLANG_WARN_UNGUARDED_AVAILABILITY = YES_AGGRESSIVE;
				CLANG_WARN_UNREACHABLE_CODE = YES;
				CLANG_WARN__DUPLICATE_METHOD_MATCH = YES;
				COPY_PHASE_STRIP = NO;
				DEBUG_INFORMATION_FORMAT = dwarf;
				ENABLE_STRICT_OBJC_MSGSEND = YES;
				ENABLE_TESTABILITY = YES;
				ENABLE_USER_SCRIPT_SANDBOXING = YES;
				GCC_C_LANGUAGE_STANDARD = gnu17;
				GCC_DYNAMIC_NO_PIC = NO;
				GCC_NO_COMMON_BLOCKS = YES;
				GCC_OPTIMIZATION_LEVEL = 0;
				GCC_PREPROCESSOR_DEFINITIONS = (
					"DEBUG=1",
					"$(inherited)",
				);
				GCC_WARN_64_TO_32_BIT_CONVERSION = YES;
				GCC_WARN_ABOUT_RETURN_TYPE = YES_ERROR;
				GCC_WARN_UNDECLARED_SELECTOR = YES;
				GCC_WARN_UNINITIALIZED_AUTOS = YES_AGGRESSIVE;
				GCC_WARN_UNUSED_FUNCTION = YES;
				GCC_WARN_UNUSED_VARIABLE = YES;
				IPHONEOS_DEPLOYMENT_TARGET = 17.4;
				LOCALIZATION_PREFERS_STRING_CATALOGS = YES;
				MTL_ENABLE_DEBUG_INFO = INCLUDE_SOURCE;
				MTL_FAST_MATH = YES;
				ONLY_ACTIVE_ARCH = YES;
				SDKROOT = iphoneos;
				SWIFT_ACTIVE_COMPILATION_CONDITIONS = "DEBUG $(inherited)";
				SWIFT_OPTIMIZATION_LEVEL = "-Onone";
			};
			name = Debug;
		};
		1A2D20AD2C107DD100F4D6E6 /* Release */ = {
			isa = XCBuildConfiguration;
			buildSettings = {
				ALWAYS_SEARCH_USER_PATHS = NO;
				ASSETCATALOG_COMPILER_GENERATE_SWIFT_ASSET_SYMBOL_EXTENSIONS = YES;
				CLANG_ANALYZER_NONNULL = YES;
				CLANG_ANALYZER_NUMBER_OBJECT_CONVERSION = YES_AGGRESSIVE;
				CLANG_CXX_LANGUAGE_STANDARD = "gnu++20";
				CLANG_ENABLE_MODULES = YES;
				CLANG_ENABLE_OBJC_ARC = YES;
				CLANG_ENABLE_OBJC_WEAK = YES;
				CLANG_WARN_BLOCK_CAPTURE_AUTORELEASING = YES;
				CLANG_WARN_BOOL_CONVERSION = YES;
				CLANG_WARN_COMMA = YES;
				CLANG_WARN_CONSTANT_CONVERSION = YES;
				CLANG_WARN_DEPRECATED_OBJC_IMPLEMENTATIONS = YES;
				CLANG_WARN_DIRECT_OBJC_ISA_USAGE = YES_ERROR;
				CLANG_WARN_DOCUMENTATION_COMMENTS = YES;
				CLANG_WARN_EMPTY_BODY = YES;
				CLANG_WARN_ENUM_CONVERSION = YES;
				CLANG_WARN_INFINITE_RECURSION = YES;
				CLANG_WARN_INT_CONVERSION = YES;
				CLANG_WARN_NON_LITERAL_NULL_CONVERSION = YES;
				CLANG_WARN_OBJC_IMPLICIT_RETAIN_SELF = YES;
				CLANG_WARN_OBJC_LITERAL_CONVERSION = YES;
				CLANG_WARN_OBJC_ROOT_CLASS = YES_ERROR;
				CLANG_WARN_QUOTED_INCLUDE_IN_FRAMEWORK_HEADER = YES;
				CLANG_WARN_RANGE_LOOP_ANALYSIS = YES;
				CLANG_WARN_STRICT_PROTOTYPES = YES;
				CLANG_WARN_SUSPICIOUS_MOVE = YES;
				CLANG_WARN_UNGUARDED_AVAILABILITY = YES_AGGRESSIVE;
				CLANG_WARN_UNREACHABLE_CODE = YES;
				CLANG_WARN__DUPLICATE_METHOD_MATCH = YES;
				COPY_PHASE_STRIP = NO;
				DEBUG_INFORMATION_FORMAT = "dwarf-with-dsym";
				ENABLE_NS_ASSERTIONS = NO;
				ENABLE_STRICT_OBJC_MSGSEND = YES;
				ENABLE_USER_SCRIPT_SANDBOXING = YES;
				GCC_C_LANGUAGE_STANDARD = gnu17;
				GCC_NO_COMMON_BLOCKS = YES;
				GCC_WARN_64_TO_32_BIT_CONVERSION = YES;
				GCC_WARN_ABOUT_RETURN_TYPE = YES_ERROR;
				GCC_WARN_UNDECLARED_SELECTOR = YES;
				GCC_WARN_UNINITIALIZED_AUTOS = YES_AGGRESSIVE;
				GCC_WARN_UNUSED_FUNCTION = YES;
				GCC_WARN_UNUSED_VARIABLE = YES;
				IPHONEOS_DEPLOYMENT_TARGET = 17.4;
				LOCALIZATION_PREFERS_STRING_CATALOGS = YES;
				MTL_ENABLE_DEBUG_INFO = NO;
				MTL_FAST_MATH = YES;
				SDKROOT = iphoneos;
				SWIFT_COMPILATION_MODE = wholemodule;
				VALIDATE_PRODUCT = YES;
			};
			name = Release;
		};
		1A2D20AF2C107DD100F4D6E6 /* Debug */ = {
			isa = XCBuildConfiguration;
			buildSettings = {
				ASSETCATALOG_COMPILER_APPICON_NAME = AppIcon;
				ASSETCATALOG_COMPILER_GLOBAL_ACCENT_COLOR_NAME = AccentColor;
				CODE_SIGN_STYLE = Automatic;
				CURRENT_PROJECT_VERSION = 1;
				DEVELOPMENT_ASSET_PATHS = "\"WBMessenger/Preview Content\"";
				ENABLE_PREVIEWS = YES;
				GENERATE_INFOPLIST_FILE = YES;
				INFOPLIST_KEY_UIApplicationSceneManifest_Generation = YES;
				INFOPLIST_KEY_UIApplicationSupportsIndirectInputEvents = YES;
				INFOPLIST_KEY_UILaunchScreen_Generation = YES;
				INFOPLIST_KEY_UISupportedInterfaceOrientations = UIInterfaceOrientationPortrait;
				INFOPLIST_KEY_UISupportedInterfaceOrientations_iPad = "UIInterfaceOrientationLandscapeLeft UIInterfaceOrientationLandscapeRight UIInterfaceOrientationPortrait UIInterfaceOrientationPortraitUpsideDown";
				LD_RUNPATH_SEARCH_PATHS = (
					"$(inherited)",
					"@executable_path/Frameworks",
				);
				MARKETING_VERSION = 1.0;
				PRODUCT_BUNDLE_IDENTIFIER = "-.WBMessenger";
				PRODUCT_NAME = "$(TARGET_NAME)";
				SUPPORTED_PLATFORMS = "iphoneos iphonesimulator";
				SUPPORTS_MACCATALYST = NO;
				SUPPORTS_MAC_DESIGNED_FOR_IPHONE_IPAD = NO;
				SUPPORTS_XR_DESIGNED_FOR_IPHONE_IPAD = NO;
				SWIFT_EMIT_LOC_STRINGS = YES;
				SWIFT_VERSION = 5.0;
				TARGETED_DEVICE_FAMILY = 1;
			};
			name = Debug;
		};
		1A2D20B02C107DD100F4D6E6 /* Release */ = {
			isa = XCBuildConfiguration;
			buildSettings = {
				ASSETCATALOG_COMPILER_APPICON_NAME = AppIcon;
				ASSETCATALOG_COMPILER_GLOBAL_ACCENT_COLOR_NAME = AccentColor;
				CODE_SIGN_STYLE = Automatic;
				CURRENT_PROJECT_VERSION = 1;
				DEVELOPMENT_ASSET_PATHS = "\"WBMessenger/Preview Content\"";
				ENABLE_PREVIEWS = YES;
				GENERATE_INFOPLIST_FILE = YES;
				INFOPLIST_KEY_UIApplicationSceneManifest_Generation = YES;
				INFOPLIST_KEY_UIApplicationSupportsIndirectInputEvents = YES;
				INFOPLIST_KEY_UILaunchScreen_Generation = YES;
				INFOPLIST_KEY_UISupportedInterfaceOrientations = UIInterfaceOrientationPortrait;
				INFOPLIST_KEY_UISupportedInterfaceOrientations_iPad = "UIInterfaceOrientationLandscapeLeft UIInterfaceOrientationLandscapeRight UIInterfaceOrientationPortrait UIInterfaceOrientationPortraitUpsideDown";
				LD_RUNPATH_SEARCH_PATHS = (
					"$(inherited)",
					"@executable_path/Frameworks",
				);
				MARKETING_VERSION = 1.0;
				PRODUCT_BUNDLE_IDENTIFIER = "-.WBMessenger";
				PRODUCT_NAME = "$(TARGET_NAME)";
				SUPPORTED_PLATFORMS = "iphoneos iphonesimulator";
				SUPPORTS_MACCATALYST = NO;
				SUPPORTS_MAC_DESIGNED_FOR_IPHONE_IPAD = NO;
				SUPPORTS_XR_DESIGNED_FOR_IPHONE_IPAD = NO;
				SWIFT_EMIT_LOC_STRINGS = YES;
				SWIFT_VERSION = 5.0;
				TARGETED_DEVICE_FAMILY = 1;
			};
			name = Release;
		};
/* End XCBuildConfiguration section */

/* Begin XCConfigurationList section */
		1A2D209B2C107DD000F4D6E6 /* Build configuration list for PBXProject "WBMessenger" */ = {
			isa = XCConfigurationList;
			buildConfigurations = (
				1A2D20AC2C107DD100F4D6E6 /* Debug */,
				1A2D20AD2C107DD100F4D6E6 /* Release */,
			);
			defaultConfigurationIsVisible = 0;
			defaultConfigurationName = Release;
		};
		1A2D20AE2C107DD100F4D6E6 /* Build configuration list for PBXNativeTarget "WBMessenger" */ = {
			isa = XCConfigurationList;
			buildConfigurations = (
				1A2D20AF2C107DD100F4D6E6 /* Debug */,
				1A2D20B02C107DD100F4D6E6 /* Release */,
			);
			defaultConfigurationIsVisible = 0;
			defaultConfigurationName = Release;
		};
/* End XCConfigurationList section */
	};
	rootObject = 1A2D20982C107DD000F4D6E6 /* Project object */;
}
