// !$*UTF8*$!
{
	archiveVersion = 1;
	classes = {
	};
	objectVersion = 56;
	objects = {

/* Begin PBXBuildFile section */
		1A2D20A42C107DD000F4D6E6 /* WBMessengerApp.swift in Sources */ = {isa = PBXBuildFile; fileRef = 1A2D20A32C107DD000F4D6E6 /* WBMessengerApp.swift */; };
		1A2D20A62C107DD000F4D6E6 /* ContentView.swift in Sources */ = {isa = PBXBuildFile; fileRef = 1A2D20A52C107DD000F4D6E6 /* ContentView.swift */; };
		1A2D20A82C107DD100F4D6E6 /* Assets.xcassets in Resources */ = {isa = PBXBuildFile; fileRef = 1A2D20A72C107DD100F4D6E6 /* Assets.xcassets */; };
		1A2D20AB2C107DD100F4D6E6 /* Preview Assets.xcassets in Resources */ = {isa = PBXBuildFile; fileRef = 1A2D20AA2C107DD100F4D6E6 /* Preview Assets.xcassets */; };
		1A2D20B22C107E6B00F4D6E6 /* WalkthroughView.swift in Sources */ = {isa = PBXBuildFile; fileRef = 1A2D20B12C107E6B00F4D6E6 /* WalkthroughView.swift */; };
		1A2D20B42C107FD400F4D6E6 /* ButtonView.swift in Sources */ = {isa = PBXBuildFile; fileRef = 1A2D20B32C107FD400F4D6E6 /* ButtonView.swift */; };
		1A2D20B62C108BF300F4D6E6 /* ModalView.swift in Sources */ = {isa = PBXBuildFile; fileRef = 1A2D20B52C108BF300F4D6E6 /* ModalView.swift */; };
		1A2D20BA2C1F190B00F4D6E6 /* ContactsView.swift in Sources */ = {isa = PBXBuildFile; fileRef = 1A2D20B92C1F190B00F4D6E6 /* ContactsView.swift */; };
		1A2D20BC2C1F191A00F4D6E6 /* Router.swift in Sources */ = {isa = PBXBuildFile; fileRef = 1A2D20BB2C1F191A00F4D6E6 /* Router.swift */; };
		1A2D20BE2C1F193E00F4D6E6 /* Contact.swift in Sources */ = {isa = PBXBuildFile; fileRef = 1A2D20BD2C1F193E00F4D6E6 /* Contact.swift */; };
		1A2D20C02C1F195900F4D6E6 /* Contacts.swift in Sources */ = {isa = PBXBuildFile; fileRef = 1A2D20BF2C1F195900F4D6E6 /* Contacts.swift */; };
		1A2D20C32C1F198C00F4D6E6 /* ContactDetailsView.swift in Sources */ = {isa = PBXBuildFile; fileRef = 1A2D20C22C1F198C00F4D6E6 /* ContactDetailsView.swift */; };
		1A2D20C92C1F1DDC00F4D6E6 /* ContentTabView.swift in Sources */ = {isa = PBXBuildFile; fileRef = 1A2D20C82C1F1DDC00F4D6E6 /* ContentTabView.swift */; };
		1ABA28732C1F3C1F00A912F2 /* ChatsView.swift in Sources */ = {isa = PBXBuildFile; fileRef = 1ABA28722C1F3C1F00A912F2 /* ChatsView.swift */; };
		1ABA28752C1F3C3A00A912F2 /* SettingsView.swift in Sources */ = {isa = PBXBuildFile; fileRef = 1ABA28742C1F3C3A00A912F2 /* SettingsView.swift */; };
		1ADBEE732C21AAB4009F7A81 /* Date + Ext.swift in Sources */ = {isa = PBXBuildFile; fileRef = 1ADBEE722C21AAB4009F7A81 /* Date + Ext.swift */; };
		1ADBEE762C21BAFD009F7A81 /* ContactRowView.swift in Sources */ = {isa = PBXBuildFile; fileRef = 1ADBEE752C21BAFD009F7A81 /* ContactRowView.swift */; };
		1ADBEE7A2C2202D6009F7A81 /* SearchBarView.swift in Sources */ = {isa = PBXBuildFile; fileRef = 1ADBEE792C2202D6009F7A81 /* SearchBarView.swift */; };
		1ADBEE7C2C220CF8009F7A81 /* View + Ext.swift in Sources */ = {isa = PBXBuildFile; fileRef = 1ADBEE7B2C220CF8009F7A81 /* View + Ext.swift */; };
		1ADBEECC2C29D074009F7A81 /* WidgetKit.framework in Frameworks */ = {isa = PBXBuildFile; fileRef = 1ADBEECB2C29D074009F7A81 /* WidgetKit.framework */; };
		1ADBEECE2C29D074009F7A81 /* SwiftUI.framework in Frameworks */ = {isa = PBXBuildFile; fileRef = 1ADBEECD2C29D074009F7A81 /* SwiftUI.framework */; };
		1ADBEED12C29D074009F7A81 /* WBMessengerWidgetBundle.swift in Sources */ = {isa = PBXBuildFile; fileRef = 1ADBEED02C29D074009F7A81 /* WBMessengerWidgetBundle.swift */; };
		1ADBEED32C29D074009F7A81 /* WBMessengerWidgetLiveActivity.swift in Sources */ = {isa = PBXBuildFile; fileRef = 1ADBEED22C29D074009F7A81 /* WBMessengerWidgetLiveActivity.swift */; };
		1ADBEED52C29D074009F7A81 /* WBMessengerWidget.swift in Sources */ = {isa = PBXBuildFile; fileRef = 1ADBEED42C29D074009F7A81 /* WBMessengerWidget.swift */; };
		1ADBEED72C29D074009F7A81 /* AppIntent.swift in Sources */ = {isa = PBXBuildFile; fileRef = 1ADBEED62C29D074009F7A81 /* AppIntent.swift */; };
		1ADBEED92C29D075009F7A81 /* Assets.xcassets in Resources */ = {isa = PBXBuildFile; fileRef = 1ADBEED82C29D075009F7A81 /* Assets.xcassets */; };
		1ADBEEDD2C29D075009F7A81 /* WBMessengerWidgetExtension.appex in Embed Foundation Extensions */ = {isa = PBXBuildFile; fileRef = 1ADBEEC92C29D074009F7A81 /* WBMessengerWidgetExtension.appex */; settings = {ATTRIBUTES = (RemoveHeadersOnCopy, ); }; };
/* End PBXBuildFile section */

/* Begin PBXContainerItemProxy section */
		1ADBEEDB2C29D075009F7A81 /* PBXContainerItemProxy */ = {
			isa = PBXContainerItemProxy;
			containerPortal = 1A2D20982C107DD000F4D6E6 /* Project object */;
			proxyType = 1;
			remoteGlobalIDString = 1ADBEEC82C29D074009F7A81;
			remoteInfo = WBMessengerWidgetExtension;
		};
/* End PBXContainerItemProxy section */

/* Begin PBXCopyFilesBuildPhase section */
		1ADBEEDE2C29D075009F7A81 /* Embed Foundation Extensions */ = {
			isa = PBXCopyFilesBuildPhase;
			buildActionMask = 2147483647;
			dstPath = "";
			dstSubfolderSpec = 13;
			files = (
				1ADBEEDD2C29D075009F7A81 /* WBMessengerWidgetExtension.appex in Embed Foundation Extensions */,
			);
			name = "Embed Foundation Extensions";
			runOnlyForDeploymentPostprocessing = 0;
		};
/* End PBXCopyFilesBuildPhase section */

/* Begin PBXFileReference section */
		1A2D20A02C107DD000F4D6E6 /* WBMessenger.app */ = {isa = PBXFileReference; explicitFileType = wrapper.application; includeInIndex = 0; path = WBMessenger.app; sourceTree = BUILT_PRODUCTS_DIR; };
		1A2D20A32C107DD000F4D6E6 /* WBMessengerApp.swift */ = {isa = PBXFileReference; lastKnownFileType = sourcecode.swift; path = WBMessengerApp.swift; sourceTree = "<group>"; };
		1A2D20A52C107DD000F4D6E6 /* ContentView.swift */ = {isa = PBXFileReference; lastKnownFileType = sourcecode.swift; path = ContentView.swift; sourceTree = "<group>"; };
		1A2D20A72C107DD100F4D6E6 /* Assets.xcassets */ = {isa = PBXFileReference; lastKnownFileType = folder.assetcatalog; path = Assets.xcassets; sourceTree = "<group>"; };
		1A2D20AA2C107DD100F4D6E6 /* Preview Assets.xcassets */ = {isa = PBXFileReference; lastKnownFileType = folder.assetcatalog; path = "Preview Assets.xcassets"; sourceTree = "<group>"; };
		1A2D20B12C107E6B00F4D6E6 /* WalkthroughView.swift */ = {isa = PBXFileReference; lastKnownFileType = sourcecode.swift; path = WalkthroughView.swift; sourceTree = "<group>"; };
		1A2D20B32C107FD400F4D6E6 /* ButtonView.swift */ = {isa = PBXFileReference; lastKnownFileType = sourcecode.swift; path = ButtonView.swift; sourceTree = "<group>"; };
		1A2D20B52C108BF300F4D6E6 /* ModalView.swift */ = {isa = PBXFileReference; lastKnownFileType = sourcecode.swift; path = ModalView.swift; sourceTree = "<group>"; };
		1A2D20B92C1F190B00F4D6E6 /* ContactsView.swift */ = {isa = PBXFileReference; lastKnownFileType = sourcecode.swift; path = ContactsView.swift; sourceTree = "<group>"; };
		1A2D20BB2C1F191A00F4D6E6 /* Router.swift */ = {isa = PBXFileReference; lastKnownFileType = sourcecode.swift; path = Router.swift; sourceTree = "<group>"; };
		1A2D20BD2C1F193E00F4D6E6 /* Contact.swift */ = {isa = PBXFileReference; lastKnownFileType = sourcecode.swift; path = Contact.swift; sourceTree = "<group>"; };
		1A2D20BF2C1F195900F4D6E6 /* Contacts.swift */ = {isa = PBXFileReference; lastKnownFileType = sourcecode.swift; path = Contacts.swift; sourceTree = "<group>"; };
		1A2D20C22C1F198C00F4D6E6 /* ContactDetailsView.swift */ = {isa = PBXFileReference; lastKnownFileType = sourcecode.swift; path = ContactDetailsView.swift; sourceTree = "<group>"; };
		1A2D20C82C1F1DDC00F4D6E6 /* ContentTabView.swift */ = {isa = PBXFileReference; lastKnownFileType = sourcecode.swift; path = ContentTabView.swift; sourceTree = "<group>"; };
		1ABA28722C1F3C1F00A912F2 /* ChatsView.swift */ = {isa = PBXFileReference; lastKnownFileType = sourcecode.swift; path = ChatsView.swift; sourceTree = "<group>"; };
		1ABA28742C1F3C3A00A912F2 /* SettingsView.swift */ = {isa = PBXFileReference; lastKnownFileType = sourcecode.swift; path = SettingsView.swift; sourceTree = "<group>"; };
		1ADBEE722C21AAB4009F7A81 /* Date + Ext.swift */ = {isa = PBXFileReference; lastKnownFileType = sourcecode.swift; path = "Date + Ext.swift"; sourceTree = "<group>"; };
		1ADBEE752C21BAFD009F7A81 /* ContactRowView.swift */ = {isa = PBXFileReference; lastKnownFileType = sourcecode.swift; path = ContactRowView.swift; sourceTree = "<group>"; };
		1ADBEE792C2202D6009F7A81 /* SearchBarView.swift */ = {isa = PBXFileReference; lastKnownFileType = sourcecode.swift; path = SearchBarView.swift; sourceTree = "<group>"; };
		1ADBEE7B2C220CF8009F7A81 /* View + Ext.swift */ = {isa = PBXFileReference; lastKnownFileType = sourcecode.swift; path = "View + Ext.swift"; sourceTree = "<group>"; };
		1ADBEEC92C29D074009F7A81 /* WBMessengerWidgetExtension.appex */ = {isa = PBXFileReference; explicitFileType = "wrapper.app-extension"; includeInIndex = 0; path = WBMessengerWidgetExtension.appex; sourceTree = BUILT_PRODUCTS_DIR; };
		1ADBEECB2C29D074009F7A81 /* WidgetKit.framework */ = {isa = PBXFileReference; lastKnownFileType = wrapper.framework; name = WidgetKit.framework; path = System/Library/Frameworks/WidgetKit.framework; sourceTree = SDKROOT; };
		1ADBEECD2C29D074009F7A81 /* SwiftUI.framework */ = {isa = PBXFileReference; lastKnownFileType = wrapper.framework; name = SwiftUI.framework; path = System/Library/Frameworks/SwiftUI.framework; sourceTree = SDKROOT; };
		1ADBEED02C29D074009F7A81 /* WBMessengerWidgetBundle.swift */ = {isa = PBXFileReference; lastKnownFileType = sourcecode.swift; path = WBMessengerWidgetBundle.swift; sourceTree = "<group>"; };
		1ADBEED22C29D074009F7A81 /* WBMessengerWidgetLiveActivity.swift */ = {isa = PBXFileReference; lastKnownFileType = sourcecode.swift; path = WBMessengerWidgetLiveActivity.swift; sourceTree = "<group>"; };
		1ADBEED42C29D074009F7A81 /* WBMessengerWidget.swift */ = {isa = PBXFileReference; lastKnownFileType = sourcecode.swift; path = WBMessengerWidget.swift; sourceTree = "<group>"; };
		1ADBEED62C29D074009F7A81 /* AppIntent.swift */ = {isa = PBXFileReference; lastKnownFileType = sourcecode.swift; path = AppIntent.swift; sourceTree = "<group>"; };
		1ADBEED82C29D075009F7A81 /* Assets.xcassets */ = {isa = PBXFileReference; lastKnownFileType = folder.assetcatalog; path = Assets.xcassets; sourceTree = "<group>"; };
		1ADBEEDA2C29D075009F7A81 /* Info.plist */ = {isa = PBXFileReference; lastKnownFileType = text.plist.xml; path = Info.plist; sourceTree = "<group>"; };
/* End PBXFileReference section */

/* Begin PBXFrameworksBuildPhase section */
		1A2D209D2C107DD000F4D6E6 /* Frameworks */ = {
			isa = PBXFrameworksBuildPhase;
			buildActionMask = 2147483647;
			files = (
			);
			runOnlyForDeploymentPostprocessing = 0;
		};
		1ADBEEC62C29D074009F7A81 /* Frameworks */ = {
			isa = PBXFrameworksBuildPhase;
			buildActionMask = 2147483647;
			files = (
				1ADBEECE2C29D074009F7A81 /* SwiftUI.framework in Frameworks */,
				1ADBEECC2C29D074009F7A81 /* WidgetKit.framework in Frameworks */,
			);
			runOnlyForDeploymentPostprocessing = 0;
		};
/* End PBXFrameworksBuildPhase section */

/* Begin PBXGroup section */
		1A2D20972C107DD000F4D6E6 = {
			isa = PBXGroup;
			children = (
				1A2D20A22C107DD000F4D6E6 /* WBMessenger */,
				1ADBEECF2C29D074009F7A81 /* WBMessengerWidget */,
				1ADBEECA2C29D074009F7A81 /* Frameworks */,
				1A2D20A12C107DD000F4D6E6 /* Products */,
			);
			sourceTree = "<group>";
		};
		1A2D20A12C107DD000F4D6E6 /* Products */ = {
			isa = PBXGroup;
			children = (
				1A2D20A02C107DD000F4D6E6 /* WBMessenger.app */,
				1ADBEEC92C29D074009F7A81 /* WBMessengerWidgetExtension.appex */,
			);
			name = Products;
			sourceTree = "<group>";
		};
		1A2D20A22C107DD000F4D6E6 /* WBMessenger */ = {
			isa = PBXGroup;
			children = (
				1A2D20A32C107DD000F4D6E6 /* WBMessengerApp.swift */,
				1ADBEE742C21AB09009F7A81 /* Extensions */,
				1A2D20C12C1F196100F4D6E6 /* Views */,
				1A2D20C52C1F19B600F4D6E6 /* Models */,
				1A2D20C72C1F19C400F4D6E6 /* DataStorage */,
				1A2D20C42C1F19AA00F4D6E6 /* Services */,
				1A2D20A72C107DD100F4D6E6 /* Assets.xcassets */,
				1A2D20A92C107DD100F4D6E6 /* Preview Content */,
			);
			path = WBMessenger;
			sourceTree = "<group>";
		};
		1A2D20A92C107DD100F4D6E6 /* Preview Content */ = {
			isa = PBXGroup;
			children = (
				1A2D20AA2C107DD100F4D6E6 /* Preview Assets.xcassets */,
			);
			path = "Preview Content";
			sourceTree = "<group>";
		};
		1A2D20C12C1F196100F4D6E6 /* Views */ = {
			isa = PBXGroup;
			children = (
				1A2D20A52C107DD000F4D6E6 /* ContentView.swift */,
				1ADBEE812C231ADC009F7A81 /* Contacts */,
				1ADBEE822C231B49009F7A81 /* CustomViews */,
				1A2D20B12C107E6B00F4D6E6 /* WalkthroughView.swift */,
				1A2D20B52C108BF300F4D6E6 /* ModalView.swift */,
				1ABA28722C1F3C1F00A912F2 /* ChatsView.swift */,
				1ABA28742C1F3C3A00A912F2 /* SettingsView.swift */,
			);
			path = Views;
			sourceTree = "<group>";
		};
		1A2D20C42C1F19AA00F4D6E6 /* Services */ = {
			isa = PBXGroup;
			children = (
				1A2D20BB2C1F191A00F4D6E6 /* Router.swift */,
			);
			path = Services;
			sourceTree = "<group>";
		};
		1A2D20C52C1F19B600F4D6E6 /* Models */ = {
			isa = PBXGroup;
			children = (
				1A2D20BD2C1F193E00F4D6E6 /* Contact.swift */,
			);
			path = Models;
			sourceTree = "<group>";
		};
		1A2D20C72C1F19C400F4D6E6 /* DataStorage */ = {
			isa = PBXGroup;
			children = (
				1A2D20BF2C1F195900F4D6E6 /* Contacts.swift */,
			);
			path = DataStorage;
			sourceTree = "<group>";
		};
		1ADBEE742C21AB09009F7A81 /* Extensions */ = {
			isa = PBXGroup;
			children = (
				1ADBEE722C21AAB4009F7A81 /* Date + Ext.swift */,
				1ADBEE7B2C220CF8009F7A81 /* View + Ext.swift */,
			);
			path = Extensions;
			sourceTree = "<group>";
		};
		1ADBEE812C231ADC009F7A81 /* Contacts */ = {
			isa = PBXGroup;
			children = (
				1A2D20B92C1F190B00F4D6E6 /* ContactsView.swift */,
				1A2D20C22C1F198C00F4D6E6 /* ContactDetailsView.swift */,
				1ADBEE752C21BAFD009F7A81 /* ContactRowView.swift */,
				1ADBEE792C2202D6009F7A81 /* SearchBarView.swift */,
			);
			path = Contacts;
			sourceTree = "<group>";
		};
		1ADBEE822C231B49009F7A81 /* CustomViews */ = {
			isa = PBXGroup;
			children = (
				1A2D20C82C1F1DDC00F4D6E6 /* ContentTabView.swift */,
				1A2D20B32C107FD400F4D6E6 /* ButtonView.swift */,
			);
			path = CustomViews;
			sourceTree = "<group>";
		};
		1ADBEECA2C29D074009F7A81 /* Frameworks */ = {
			isa = PBXGroup;
			children = (
				1ADBEECB2C29D074009F7A81 /* WidgetKit.framework */,
				1ADBEECD2C29D074009F7A81 /* SwiftUI.framework */,
			);
			name = Frameworks;
			sourceTree = "<group>";
		};
		1ADBEECF2C29D074009F7A81 /* WBMessengerWidget */ = {
			isa = PBXGroup;
			children = (
				1ADBEED02C29D074009F7A81 /* WBMessengerWidgetBundle.swift */,
				1ADBEED22C29D074009F7A81 /* WBMessengerWidgetLiveActivity.swift */,
				1ADBEED42C29D074009F7A81 /* WBMessengerWidget.swift */,
				1ADBEED62C29D074009F7A81 /* AppIntent.swift */,
				1ADBEED82C29D075009F7A81 /* Assets.xcassets */,
				1ADBEEDA2C29D075009F7A81 /* Info.plist */,
			);
			path = WBMessengerWidget;
			sourceTree = "<group>";
		};
/* End PBXGroup section */

/* Begin PBXNativeTarget section */
		1A2D209F2C107DD000F4D6E6 /* WBMessenger */ = {
			isa = PBXNativeTarget;
			buildConfigurationList = 1A2D20AE2C107DD100F4D6E6 /* Build configuration list for PBXNativeTarget "WBMessenger" */;
			buildPhases = (
				1A2D209C2C107DD000F4D6E6 /* Sources */,
				1A2D209D2C107DD000F4D6E6 /* Frameworks */,
				1A2D209E2C107DD000F4D6E6 /* Resources */,
				1ADBEEDE2C29D075009F7A81 /* Embed Foundation Extensions */,
			);
			buildRules = (
			);
			dependencies = (
				1ADBEEDC2C29D075009F7A81 /* PBXTargetDependency */,
			);
			name = WBMessenger;
			productName = WBMessenger;
			productReference = 1A2D20A02C107DD000F4D6E6 /* WBMessenger.app */;
			productType = "com.apple.product-type.application";
		};
		1ADBEEC82C29D074009F7A81 /* WBMessengerWidgetExtension */ = {
			isa = PBXNativeTarget;
			buildConfigurationList = 1ADBEEE12C29D075009F7A81 /* Build configuration list for PBXNativeTarget "WBMessengerWidgetExtension" */;
			buildPhases = (
				1ADBEEC52C29D074009F7A81 /* Sources */,
				1ADBEEC62C29D074009F7A81 /* Frameworks */,
				1ADBEEC72C29D074009F7A81 /* Resources */,
			);
			buildRules = (
			);
			dependencies = (
			);
			name = WBMessengerWidgetExtension;
			productName = WBMessengerWidgetExtension;
			productReference = 1ADBEEC92C29D074009F7A81 /* WBMessengerWidgetExtension.appex */;
			productType = "com.apple.product-type.app-extension";
		};
/* End PBXNativeTarget section */

/* Begin PBXProject section */
		1A2D20982C107DD000F4D6E6 /* Project object */ = {
			isa = PBXProject;
			attributes = {
				BuildIndependentTargetsInParallel = 1;
				LastSwiftUpdateCheck = 1540;
				LastUpgradeCheck = 1530;
				TargetAttributes = {
					1A2D209F2C107DD000F4D6E6 = {
						CreatedOnToolsVersion = 15.3;
					};
					1ADBEEC82C29D074009F7A81 = {
						CreatedOnToolsVersion = 15.4;
					};
				};
			};
			buildConfigurationList = 1A2D209B2C107DD000F4D6E6 /* Build configuration list for PBXProject "WBMessenger" */;
			compatibilityVersion = "Xcode 14.0";
			developmentRegion = en;
			hasScannedForEncodings = 0;
			knownRegions = (
				en,
				Base,
			);
			mainGroup = 1A2D20972C107DD000F4D6E6;
			productRefGroup = 1A2D20A12C107DD000F4D6E6 /* Products */;
			projectDirPath = "";
			projectRoot = "";
			targets = (
				1A2D209F2C107DD000F4D6E6 /* WBMessenger */,
				1ADBEEC82C29D074009F7A81 /* WBMessengerWidgetExtension */,
			);
		};
/* End PBXProject section */

/* Begin PBXResourcesBuildPhase section */
		1A2D209E2C107DD000F4D6E6 /* Resources */ = {
			isa = PBXResourcesBuildPhase;
			buildActionMask = 2147483647;
			files = (
				1A2D20AB2C107DD100F4D6E6 /* Preview Assets.xcassets in Resources */,
				1A2D20A82C107DD100F4D6E6 /* Assets.xcassets in Resources */,
			);
			runOnlyForDeploymentPostprocessing = 0;
		};
		1ADBEEC72C29D074009F7A81 /* Resources */ = {
			isa = PBXResourcesBuildPhase;
			buildActionMask = 2147483647;
			files = (
				1ADBEED92C29D075009F7A81 /* Assets.xcassets in Resources */,
			);
			runOnlyForDeploymentPostprocessing = 0;
		};
/* End PBXResourcesBuildPhase section */

/* Begin PBXSourcesBuildPhase section */
		1A2D209C2C107DD000F4D6E6 /* Sources */ = {
			isa = PBXSourcesBuildPhase;
			buildActionMask = 2147483647;
			files = (
				1ABA28732C1F3C1F00A912F2 /* ChatsView.swift in Sources */,
				1A2D20C32C1F198C00F4D6E6 /* ContactDetailsView.swift in Sources */,
				1A2D20A62C107DD000F4D6E6 /* ContentView.swift in Sources */,
				1A2D20A42C107DD000F4D6E6 /* WBMessengerApp.swift in Sources */,
				1ADBEE7A2C2202D6009F7A81 /* SearchBarView.swift in Sources */,
				1ADBEE762C21BAFD009F7A81 /* ContactRowView.swift in Sources */,
				1A2D20C02C1F195900F4D6E6 /* Contacts.swift in Sources */,
				1ADBEE732C21AAB4009F7A81 /* Date + Ext.swift in Sources */,
				1A2D20B42C107FD400F4D6E6 /* ButtonView.swift in Sources */,
				1A2D20BC2C1F191A00F4D6E6 /* Router.swift in Sources */,
				1ADBEE7C2C220CF8009F7A81 /* View + Ext.swift in Sources */,
				1A2D20BE2C1F193E00F4D6E6 /* Contact.swift in Sources */,
				1A2D20BA2C1F190B00F4D6E6 /* ContactsView.swift in Sources */,
				1A2D20C92C1F1DDC00F4D6E6 /* ContentTabView.swift in Sources */,
				1A2D20B22C107E6B00F4D6E6 /* WalkthroughView.swift in Sources */,
				1A2D20B62C108BF300F4D6E6 /* ModalView.swift in Sources */,
				1ABA28752C1F3C3A00A912F2 /* SettingsView.swift in Sources */,
			);
			runOnlyForDeploymentPostprocessing = 0;
		};
		1ADBEEC52C29D074009F7A81 /* Sources */ = {
			isa = PBXSourcesBuildPhase;
			buildActionMask = 2147483647;
			files = (
				1ADBEED52C29D074009F7A81 /* WBMessengerWidget.swift in Sources */,
				1ADBEED72C29D074009F7A81 /* AppIntent.swift in Sources */,
				1ADBEED12C29D074009F7A81 /* WBMessengerWidgetBundle.swift in Sources */,
				1ADBEED32C29D074009F7A81 /* WBMessengerWidgetLiveActivity.swift in Sources */,
			);
			runOnlyForDeploymentPostprocessing = 0;
		};
/* End PBXSourcesBuildPhase section */

/* Begin PBXTargetDependency section */
		1ADBEEDC2C29D075009F7A81 /* PBXTargetDependency */ = {
			isa = PBXTargetDependency;
			target = 1ADBEEC82C29D074009F7A81 /* WBMessengerWidgetExtension */;
			targetProxy = 1ADBEEDB2C29D075009F7A81 /* PBXContainerItemProxy */;
		};
/* End PBXTargetDependency section */

/* Begin XCBuildConfiguration section */
		1A2D20AC2C107DD100F4D6E6 /* Debug */ = {
			isa = XCBuildConfiguration;
			buildSettings = {
				ALWAYS_SEARCH_USER_PATHS = NO;
				ASSETCATALOG_COMPILER_GENERATE_SWIFT_ASSET_SYMBOL_EXTENSIONS = YES;
				CLANG_ANALYZER_NONNULL = YES;
				CLANG_ANALYZER_NUMBER_OBJECT_CONVERSION = YES_AGGRESSIVE;
				CLANG_CXX_LANGUAGE_STANDARD = "gnu++20";
				CLANG_ENABLE_MODULES = YES;
				CLANG_ENABLE_OBJC_ARC = YES;
				CLANG_ENABLE_OBJC_WEAK = YES;
				CLANG_WARN_BLOCK_CAPTURE_AUTORELEASING = YES;
				CLANG_WARN_BOOL_CONVERSION = YES;
				CLANG_WARN_COMMA = YES;
				CLANG_WARN_CONSTANT_CONVERSION = YES;
				CLANG_WARN_DEPRECATED_OBJC_IMPLEMENTATIONS = YES;
				CLANG_WARN_DIRECT_OBJC_ISA_USAGE = YES_ERROR;
				CLANG_WARN_DOCUMENTATION_COMMENTS = YES;
				CLANG_WARN_EMPTY_BODY = YES;
				CLANG_WARN_ENUM_CONVERSION = YES;
				CLANG_WARN_INFINITE_RECURSION = YES;
				CLANG_WARN_INT_CONVERSION = YES;
				CLANG_WARN_NON_LITERAL_NULL_CONVERSION = YES;
				CLANG_WARN_OBJC_IMPLICIT_RETAIN_SELF = YES;
				CLANG_WARN_OBJC_LITERAL_CONVERSION = YES;
				CLANG_WARN_OBJC_ROOT_CLASS = YES_ERROR;
				CLANG_WARN_QUOTED_INCLUDE_IN_FRAMEWORK_HEADER = YES;
				CLANG_WARN_RANGE_LOOP_ANALYSIS = YES;
				CLANG_WARN_STRICT_PROTOTYPES = YES;
				CLANG_WARN_SUSPICIOUS_MOVE = YES;
				CLANG_WARN_UNGUARDED_AVAILABILITY = YES_AGGRESSIVE;
				CLANG_WARN_UNREACHABLE_CODE = YES;
				CLANG_WARN__DUPLICATE_METHOD_MATCH = YES;
				COPY_PHASE_STRIP = NO;
				DEBUG_INFORMATION_FORMAT = dwarf;
				ENABLE_STRICT_OBJC_MSGSEND = YES;
				ENABLE_TESTABILITY = YES;
				ENABLE_USER_SCRIPT_SANDBOXING = YES;
				GCC_C_LANGUAGE_STANDARD = gnu17;
				GCC_DYNAMIC_NO_PIC = NO;
				GCC_NO_COMMON_BLOCKS = YES;
				GCC_OPTIMIZATION_LEVEL = 0;
				GCC_PREPROCESSOR_DEFINITIONS = (
					"DEBUG=1",
					"$(inherited)",
				);
				GCC_WARN_64_TO_32_BIT_CONVERSION = YES;
				GCC_WARN_ABOUT_RETURN_TYPE = YES_ERROR;
				GCC_WARN_UNDECLARED_SELECTOR = YES;
				GCC_WARN_UNINITIALIZED_AUTOS = YES_AGGRESSIVE;
				GCC_WARN_UNUSED_FUNCTION = YES;
				GCC_WARN_UNUSED_VARIABLE = YES;
				IPHONEOS_DEPLOYMENT_TARGET = 17.4;
				LOCALIZATION_PREFERS_STRING_CATALOGS = YES;
				MTL_ENABLE_DEBUG_INFO = INCLUDE_SOURCE;
				MTL_FAST_MATH = YES;
				ONLY_ACTIVE_ARCH = YES;
				SDKROOT = iphoneos;
				SWIFT_ACTIVE_COMPILATION_CONDITIONS = "DEBUG $(inherited)";
				SWIFT_OPTIMIZATION_LEVEL = "-Onone";
			};
			name = Debug;
		};
		1A2D20AD2C107DD100F4D6E6 /* Release */ = {
			isa = XCBuildConfiguration;
			buildSettings = {
				ALWAYS_SEARCH_USER_PATHS = NO;
				ASSETCATALOG_COMPILER_GENERATE_SWIFT_ASSET_SYMBOL_EXTENSIONS = YES;
				CLANG_ANALYZER_NONNULL = YES;
				CLANG_ANALYZER_NUMBER_OBJECT_CONVERSION = YES_AGGRESSIVE;
				CLANG_CXX_LANGUAGE_STANDARD = "gnu++20";
				CLANG_ENABLE_MODULES = YES;
				CLANG_ENABLE_OBJC_ARC = YES;
				CLANG_ENABLE_OBJC_WEAK = YES;
				CLANG_WARN_BLOCK_CAPTURE_AUTORELEASING = YES;
				CLANG_WARN_BOOL_CONVERSION = YES;
				CLANG_WARN_COMMA = YES;
				CLANG_WARN_CONSTANT_CONVERSION = YES;
				CLANG_WARN_DEPRECATED_OBJC_IMPLEMENTATIONS = YES;
				CLANG_WARN_DIRECT_OBJC_ISA_USAGE = YES_ERROR;
				CLANG_WARN_DOCUMENTATION_COMMENTS = YES;
				CLANG_WARN_EMPTY_BODY = YES;
				CLANG_WARN_ENUM_CONVERSION = YES;
				CLANG_WARN_INFINITE_RECURSION = YES;
				CLANG_WARN_INT_CONVERSION = YES;
				CLANG_WARN_NON_LITERAL_NULL_CONVERSION = YES;
				CLANG_WARN_OBJC_IMPLICIT_RETAIN_SELF = YES;
				CLANG_WARN_OBJC_LITERAL_CONVERSION = YES;
				CLANG_WARN_OBJC_ROOT_CLASS = YES_ERROR;
				CLANG_WARN_QUOTED_INCLUDE_IN_FRAMEWORK_HEADER = YES;
				CLANG_WARN_RANGE_LOOP_ANALYSIS = YES;
				CLANG_WARN_STRICT_PROTOTYPES = YES;
				CLANG_WARN_SUSPICIOUS_MOVE = YES;
				CLANG_WARN_UNGUARDED_AVAILABILITY = YES_AGGRESSIVE;
				CLANG_WARN_UNREACHABLE_CODE = YES;
				CLANG_WARN__DUPLICATE_METHOD_MATCH = YES;
				COPY_PHASE_STRIP = NO;
				DEBUG_INFORMATION_FORMAT = "dwarf-with-dsym";
				ENABLE_NS_ASSERTIONS = NO;
				ENABLE_STRICT_OBJC_MSGSEND = YES;
				ENABLE_USER_SCRIPT_SANDBOXING = YES;
				GCC_C_LANGUAGE_STANDARD = gnu17;
				GCC_NO_COMMON_BLOCKS = YES;
				GCC_WARN_64_TO_32_BIT_CONVERSION = YES;
				GCC_WARN_ABOUT_RETURN_TYPE = YES_ERROR;
				GCC_WARN_UNDECLARED_SELECTOR = YES;
				GCC_WARN_UNINITIALIZED_AUTOS = YES_AGGRESSIVE;
				GCC_WARN_UNUSED_FUNCTION = YES;
				GCC_WARN_UNUSED_VARIABLE = YES;
				IPHONEOS_DEPLOYMENT_TARGET = 17.4;
				LOCALIZATION_PREFERS_STRING_CATALOGS = YES;
				MTL_ENABLE_DEBUG_INFO = NO;
				MTL_FAST_MATH = YES;
				SDKROOT = iphoneos;
				SWIFT_COMPILATION_MODE = wholemodule;
				VALIDATE_PRODUCT = YES;
			};
			name = Release;
		};
		1A2D20AF2C107DD100F4D6E6 /* Debug */ = {
			isa = XCBuildConfiguration;
			buildSettings = {
				ALWAYS_EMBED_SWIFT_STANDARD_LIBRARIES = YES;
				ASSETCATALOG_COMPILER_APPICON_NAME = AppIcon;
				ASSETCATALOG_COMPILER_GLOBAL_ACCENT_COLOR_NAME = AccentColor;
				CODE_SIGN_STYLE = Automatic;
				CURRENT_PROJECT_VERSION = 1;
				DEVELOPMENT_ASSET_PATHS = "\"WBMessenger/Preview Content\"";
				ENABLE_PREVIEWS = YES;
				GENERATE_INFOPLIST_FILE = YES;
				INFOPLIST_KEY_UIApplicationSceneManifest_Generation = YES;
				INFOPLIST_KEY_UIApplicationSupportsIndirectInputEvents = YES;
				INFOPLIST_KEY_UILaunchScreen_Generation = YES;
				INFOPLIST_KEY_UISupportedInterfaceOrientations = UIInterfaceOrientationPortrait;
				INFOPLIST_KEY_UISupportedInterfaceOrientations_iPad = "UIInterfaceOrientationLandscapeLeft UIInterfaceOrientationLandscapeRight UIInterfaceOrientationPortrait UIInterfaceOrientationPortraitUpsideDown";
				LD_RUNPATH_SEARCH_PATHS = (
					"$(inherited)",
					"@executable_path/Frameworks",
				);
				MARKETING_VERSION = 1.0;
				PRODUCT_BUNDLE_IDENTIFIER = "-.WBMessenger";
				PRODUCT_NAME = "$(TARGET_NAME)";
				SUPPORTED_PLATFORMS = "iphoneos iphonesimulator";
				SUPPORTS_MACCATALYST = NO;
				SUPPORTS_MAC_DESIGNED_FOR_IPHONE_IPAD = NO;
				SUPPORTS_XR_DESIGNED_FOR_IPHONE_IPAD = NO;
				SWIFT_EMIT_LOC_STRINGS = YES;
				SWIFT_VERSION = 5.0;
				TARGETED_DEVICE_FAMILY = 1;
			};
			name = Debug;
		};
		1A2D20B02C107DD100F4D6E6 /* Release */ = {
			isa = XCBuildConfiguration;
			buildSettings = {
				ALWAYS_EMBED_SWIFT_STANDARD_LIBRARIES = YES;
				ASSETCATALOG_COMPILER_APPICON_NAME = AppIcon;
				ASSETCATALOG_COMPILER_GLOBAL_ACCENT_COLOR_NAME = AccentColor;
				CODE_SIGN_STYLE = Automatic;
				CURRENT_PROJECT_VERSION = 1;
				DEVELOPMENT_ASSET_PATHS = "\"WBMessenger/Preview Content\"";
				ENABLE_PREVIEWS = YES;
				GENERATE_INFOPLIST_FILE = YES;
				INFOPLIST_KEY_UIApplicationSceneManifest_Generation = YES;
				INFOPLIST_KEY_UIApplicationSupportsIndirectInputEvents = YES;
				INFOPLIST_KEY_UILaunchScreen_Generation = YES;
				INFOPLIST_KEY_UISupportedInterfaceOrientations = UIInterfaceOrientationPortrait;
				INFOPLIST_KEY_UISupportedInterfaceOrientations_iPad = "UIInterfaceOrientationLandscapeLeft UIInterfaceOrientationLandscapeRight UIInterfaceOrientationPortrait UIInterfaceOrientationPortraitUpsideDown";
				LD_RUNPATH_SEARCH_PATHS = (
					"$(inherited)",
					"@executable_path/Frameworks",
				);
				MARKETING_VERSION = 1.0;
				PRODUCT_BUNDLE_IDENTIFIER = "-.WBMessenger";
				PRODUCT_NAME = "$(TARGET_NAME)";
				SUPPORTED_PLATFORMS = "iphoneos iphonesimulator";
				SUPPORTS_MACCATALYST = NO;
				SUPPORTS_MAC_DESIGNED_FOR_IPHONE_IPAD = NO;
				SUPPORTS_XR_DESIGNED_FOR_IPHONE_IPAD = NO;
				SWIFT_EMIT_LOC_STRINGS = YES;
				SWIFT_VERSION = 5.0;
				TARGETED_DEVICE_FAMILY = 1;
			};
			name = Release;
		};
		1ADBEEDF2C29D075009F7A81 /* Debug */ = {
			isa = XCBuildConfiguration;
			buildSettings = {
				ASSETCATALOG_COMPILER_GLOBAL_ACCENT_COLOR_NAME = AccentColor;
				ASSETCATALOG_COMPILER_WIDGET_BACKGROUND_COLOR_NAME = WidgetBackground;
				CODE_SIGN_STYLE = Automatic;
				CURRENT_PROJECT_VERSION = 1;
				GENERATE_INFOPLIST_FILE = YES;
				INFOPLIST_FILE = WBMessengerWidget/Info.plist;
				INFOPLIST_KEY_CFBundleDisplayName = WBMessengerWidget;
				INFOPLIST_KEY_NSHumanReadableCopyright = "";
				IPHONEOS_DEPLOYMENT_TARGET = 17.4;
				LD_RUNPATH_SEARCH_PATHS = (
					"$(inherited)",
					"@executable_path/Frameworks",
					"@executable_path/../../Frameworks",
				);
				MARKETING_VERSION = 1.0;
				PRODUCT_BUNDLE_IDENTIFIER = "-.WBMessenger.WBMessengerWidget";
				PRODUCT_NAME = "$(TARGET_NAME)";
				SKIP_INSTALL = YES;
				SWIFT_EMIT_LOC_STRINGS = YES;
				SWIFT_VERSION = 5.0;
				TARGETED_DEVICE_FAMILY = "1,2";
			};
			name = Debug;
		};
		1ADBEEE02C29D075009F7A81 /* Release */ = {
			isa = XCBuildConfiguration;
			buildSettings = {
				ASSETCATALOG_COMPILER_GLOBAL_ACCENT_COLOR_NAME = AccentColor;
				ASSETCATALOG_COMPILER_WIDGET_BACKGROUND_COLOR_NAME = WidgetBackground;
				CODE_SIGN_STYLE = Automatic;
				CURRENT_PROJECT_VERSION = 1;
				GENERATE_INFOPLIST_FILE = YES;
				INFOPLIST_FILE = WBMessengerWidget/Info.plist;
				INFOPLIST_KEY_CFBundleDisplayName = WBMessengerWidget;
				INFOPLIST_KEY_NSHumanReadableCopyright = "";
				IPHONEOS_DEPLOYMENT_TARGET = 17.4;
				LD_RUNPATH_SEARCH_PATHS = (
					"$(inherited)",
					"@executable_path/Frameworks",
					"@executable_path/../../Frameworks",
				);
				MARKETING_VERSION = 1.0;
				PRODUCT_BUNDLE_IDENTIFIER = "-.WBMessenger.WBMessengerWidget";
				PRODUCT_NAME = "$(TARGET_NAME)";
				SKIP_INSTALL = YES;
				SWIFT_EMIT_LOC_STRINGS = YES;
				SWIFT_VERSION = 5.0;
				TARGETED_DEVICE_FAMILY = "1,2";
			};
			name = Release;
		};
/* End XCBuildConfiguration section */

/* Begin XCConfigurationList section */
		1A2D209B2C107DD000F4D6E6 /* Build configuration list for PBXProject "WBMessenger" */ = {
			isa = XCConfigurationList;
			buildConfigurations = (
				1A2D20AC2C107DD100F4D6E6 /* Debug */,
				1A2D20AD2C107DD100F4D6E6 /* Release */,
			);
			defaultConfigurationIsVisible = 0;
			defaultConfigurationName = Release;
		};
		1A2D20AE2C107DD100F4D6E6 /* Build configuration list for PBXNativeTarget "WBMessenger" */ = {
			isa = XCConfigurationList;
			buildConfigurations = (
				1A2D20AF2C107DD100F4D6E6 /* Debug */,
				1A2D20B02C107DD100F4D6E6 /* Release */,
			);
			defaultConfigurationIsVisible = 0;
			defaultConfigurationName = Release;
		};
		1ADBEEE12C29D075009F7A81 /* Build configuration list for PBXNativeTarget "WBMessengerWidgetExtension" */ = {
			isa = XCConfigurationList;
			buildConfigurations = (
				1ADBEEDF2C29D075009F7A81 /* Debug */,
				1ADBEEE02C29D075009F7A81 /* Release */,
			);
			defaultConfigurationIsVisible = 0;
			defaultConfigurationName = Release;
		};
/* End XCConfigurationList section */
	};
	rootObject = 1A2D20982C107DD000F4D6E6 /* Project object */;
}
